<?xml version="1.0" encoding="utf-8"?>
<Project ToolsVersion="4.0" xmlns="http://schemas.microsoft.com/developer/msbuild/2003">
  <ItemGroup>
    <Filter Include="Source Files">
      <UniqueIdentifier>{4FC737F1-C7A5-4376-A066-2A32D752A2FF}</UniqueIdentifier>
      <Extensions>cpp;c;cc;cxx;def;odl;idl;hpj;bat;asm;asmx</Extensions>
    </Filter>
    <Filter Include="Header Files">
      <UniqueIdentifier>{93995380-89BD-4b04-88EB-625FBE52EBFB}</UniqueIdentifier>
      <Extensions>h;hpp;hxx;hm;inl;inc;xsd</Extensions>
    </Filter>
    <Filter Include="Resource Files">
      <UniqueIdentifier>{67DA6AB6-F800-4c08-8B7A-83BB121AAD01}</UniqueIdentifier>
      <Extensions>rc;ico;cur;bmp;dlg;rc2;rct;bin;rgs;gif;jpg;jpeg;jpe;resx;tiff;tif;png;wav;mfcribbon-ms</Extensions>
    </Filter>
    <Filter Include="Header Files\entities">
      <UniqueIdentifier>{b5d02f47-9771-47e7-91c5-502fa219abb8}</UniqueIdentifier>
    </Filter>
    <Filter Include="Header Files\loaders">
      <UniqueIdentifier>{94f6ca0e-9590-48a0-989f-f805063404b1}</UniqueIdentifier>
    </Filter>
    <Filter Include="Header Files\managers">
      <UniqueIdentifier>{cf0ec571-2c49-44cc-8791-a72a6c91a912}</UniqueIdentifier>
    </Filter>
    <Filter Include="Source Files\entities">
      <UniqueIdentifier>{a3ec3d08-f9c6-429c-aff2-9ffa79f9c1c5}</UniqueIdentifier>
    </Filter>
    <Filter Include="Source Files\managers">
      <UniqueIdentifier>{d49d54f4-7b80-4621-a9ab-eb0ae88f47ca}</UniqueIdentifier>
    </Filter>
    <Filter Include="Source Files\loaders">
      <UniqueIdentifier>{69161e93-c02e-4de9-9381-217840268087}</UniqueIdentifier>
    </Filter>
    <Filter Include="Header Files\scenes">
      <UniqueIdentifier>{c81106f9-9b47-4465-a990-c5a7b162c6db}</UniqueIdentifier>
    </Filter>
    <Filter Include="Source Files\scenes">
      <UniqueIdentifier>{3608c8f1-e310-4651-b0c9-bb69b2db1e89}</UniqueIdentifier>
    </Filter>
    <Filter Include="Header Files\core">
      <UniqueIdentifier>{170c8b61-02ad-4494-ab56-27cafe1aa323}</UniqueIdentifier>
    </Filter>
    <Filter Include="Header Files\utils">
      <UniqueIdentifier>{6e19aa7b-80c3-466d-a0d2-d909887d8a17}</UniqueIdentifier>
    </Filter>
    <Filter Include="Source Files\core">
      <UniqueIdentifier>{be4462db-bb2e-4259-acf2-25b935b8a22d}</UniqueIdentifier>
    </Filter>
    <Filter Include="Source Files\utils">
      <UniqueIdentifier>{8636a71a-66f4-4345-b169-1b6d8c67a0b5}</UniqueIdentifier>
    </Filter>
    <Filter Include="Header Files\gui">
      <UniqueIdentifier>{35e2e27f-e2d7-4b11-bc45-c129918bbe86}</UniqueIdentifier>
    </Filter>
    <Filter Include="Source Files\gui">
      <UniqueIdentifier>{a9350a50-8ada-4485-8e7f-00e3d5d11e22}</UniqueIdentifier>
    </Filter>
    <Filter Include="Header Files\utils\tinyxml">
      <UniqueIdentifier>{9a0a8f96-6bdc-4e73-9fda-c6601cacfa24}</UniqueIdentifier>
    </Filter>
    <Filter Include="Source Files\utils\tinyxml">
      <UniqueIdentifier>{457c5a99-7f93-4085-bb3c-75e7e5e41b88}</UniqueIdentifier>
    </Filter>
  </ItemGroup>
  <ItemGroup>
    <ClInclude Include="src\entities\Entity.h">
      <Filter>Header Files\entities</Filter>
    </ClInclude>
    <ClInclude Include="src\entities\Explosion.h">
      <Filter>Header Files\entities</Filter>
    </ClInclude>
    <ClInclude Include="src\entities\Missile.h">
      <Filter>Header Files\entities</Filter>
    </ClInclude>
    <ClInclude Include="src\entities\Planet.h">
      <Filter>Header Files\entities</Filter>
    </ClInclude>
    <ClInclude Include="src\entities\PlayableEntity.h">
      <Filter>Header Files\entities</Filter>
    </ClInclude>
    <ClInclude Include="src\entities\Spaceship.h">
      <Filter>Header Files\entities</Filter>
    </ClInclude>
    <ClInclude Include="src\loaders\ImageManager.h">
      <Filter>Header Files\loaders</Filter>
    </ClInclude>
    <ClInclude Include="src\loaders\ResourceManager.h">
      <Filter>Header Files\loaders</Filter>
    </ClInclude>
    <ClInclude Include="src\loaders\SoundManager.h">
      <Filter>Header Files\loaders</Filter>
    </ClInclude>
    <ClInclude Include="src\managers\AudioEngine.h">
      <Filter>Header Files\managers</Filter>
    </ClInclude>
    <ClInclude Include="src\managers\EntityManager.h">
      <Filter>Header Files\managers</Filter>
    </ClInclude>
    <ClInclude Include="src\managers\EventListener.h">
      <Filter>Header Files\managers</Filter>
    </ClInclude>
    <ClInclude Include="src\managers\EventManager.h">
      <Filter>Header Files\managers</Filter>
    </ClInclude>
    <ClInclude Include="src\managers\GestureManager.h">
      <Filter>Header Files\managers</Filter>
    </ClInclude>
    <ClInclude Include="src\managers\GraphicsEngine.h">
      <Filter>Header Files\managers</Filter>
    </ClInclude>
    <ClInclude Include="src\managers\GraphicsObject.h">
      <Filter>Header Files\managers</Filter>
    </ClInclude>
    <ClInclude Include="src\managers\Managers.h">
      <Filter>Header Files\managers</Filter>
    </ClInclude>
    <ClInclude Include="src\managers\MultimodalListener.h">
      <Filter>Header Files\managers</Filter>
    </ClInclude>
    <ClInclude Include="src\managers\MultimodalManager.h">
      <Filter>Header Files\managers</Filter>
    </ClInclude>
    <ClInclude Include="src\managers\PhysicsEngine.h">
      <Filter>Header Files\managers</Filter>
    </ClInclude>
    <ClInclude Include="src\managers\PhysicsObject.h">
      <Filter>Header Files\managers</Filter>
    </ClInclude>
    <ClInclude Include="src\managers\SceneManager.h">
      <Filter>Header Files\managers</Filter>
    </ClInclude>
    <ClInclude Include="src\managers\VolumeRecorder.h">
      <Filter>Header Files\managers</Filter>
    </ClInclude>
    <ClInclude Include="src\scenes\InGameScene.h">
      <Filter>Header Files\scenes</Filter>
    </ClInclude>
    <ClInclude Include="src\scenes\InPauseScene.h">
      <Filter>Header Files\scenes</Filter>
    </ClInclude>
    <ClInclude Include="src\scenes\IntroScene.h">
      <Filter>Header Files\scenes</Filter>
    </ClInclude>
    <ClInclude Include="src\scenes\IScene.h">
      <Filter>Header Files\scenes</Filter>
    </ClInclude>
    <ClInclude Include="src\core\Game.h">
      <Filter>Header Files\core</Filter>
    </ClInclude>
    <ClInclude Include="src\utils\AnimatedSprite.h">
      <Filter>Header Files\utils</Filter>
    </ClInclude>
    <ClInclude Include="src\gui\Button.h">
      <Filter>Header Files\gui</Filter>
    </ClInclude>
    <ClInclude Include="src\gui\Widget.h">
      <Filter>Header Files\gui</Filter>
    </ClInclude>
    <ClInclude Include="src\loaders\LevelManager.h">
      <Filter>Header Files\loaders</Filter>
    </ClInclude>
    <ClInclude Include="src\utils\tinyxml\tinystr.h">
      <Filter>Header Files\utils\tinyxml</Filter>
    </ClInclude>
    <ClInclude Include="src\utils\tinyxml\tinyxml.h">
      <Filter>Header Files\utils\tinyxml</Filter>
    </ClInclude>
    <ClInclude Include="src\entities\EntityModel.h">
      <Filter>Header Files\entities</Filter>
    </ClInclude>
    <ClInclude Include="src\gui\ButtonListener.h">
      <Filter>Header Files\gui</Filter>
    </ClInclude>
    <ClInclude Include="src\gui\Menu.h">
      <Filter>Header Files\gui</Filter>
    </ClInclude>
    <ClInclude Include="src\scenes\TrackingScene.h">
      <Filter>Header Files\scenes</Filter>
    </ClInclude>
    <ClInclude Include="src\entities\Fire.h">
      <Filter>Header Files\entities</Filter>
    </ClInclude>
    <ClInclude Include="src\utils\NiCallbacksWrapper.h">
      <Filter>Header Files\utils</Filter>
    </ClInclude>
    <ClInclude Include="src\utils\PausableClock.h">
      <Filter>Header Files\utils</Filter>
    </ClInclude>
    <ClInclude Include="src\entities\SuperMissile.h">
      <Filter>Header Files\entities</Filter>
    </ClInclude>
    <ClInclude Include="src\utils\Background.h">
      <Filter>Header Files\utils</Filter>
    </ClInclude>
  </ItemGroup>
  <ItemGroup>
    <None Include="src\loaders\ResourceManager.inl">
      <Filter>Header Files\loaders</Filter>
    </None>
  </ItemGroup>
  <ItemGroup>
    <ClCompile Include="src\Main.cpp">
      <Filter>Source Files</Filter>
    </ClCompile>
    <ClCompile Include="src\entities\Entity.cpp">
      <Filter>Source Files\entities</Filter>
    </ClCompile>
    <ClCompile Include="src\entities\Explosion.cpp">
      <Filter>Source Files\entities</Filter>
    </ClCompile>
    <ClCompile Include="src\entities\Missile.cpp">
      <Filter>Source Files\entities</Filter>
    </ClCompile>
    <ClCompile Include="src\entities\Planet.cpp">
      <Filter>Source Files\entities</Filter>
    </ClCompile>
    <ClCompile Include="src\entities\PlayableEntity.cpp">
      <Filter>Source Files\entities</Filter>
    </ClCompile>
    <ClCompile Include="src\entities\Spaceship.cpp">
      <Filter>Source Files\entities</Filter>
    </ClCompile>
    <ClCompile Include="src\loaders\ImageManager.cpp">
      <Filter>Source Files\loaders</Filter>
    </ClCompile>
    <ClCompile Include="src\loaders\SoundManager.cpp">
      <Filter>Source Files\loaders</Filter>
    </ClCompile>
    <ClCompile Include="src\managers\AudioEngine.cpp">
      <Filter>Source Files\managers</Filter>
    </ClCompile>
    <ClCompile Include="src\managers\EntityManager.cpp">
      <Filter>Source Files\managers</Filter>
    </ClCompile>
    <ClCompile Include="src\managers\EventListener.cpp">
      <Filter>Source Files\managers</Filter>
    </ClCompile>
    <ClCompile Include="src\managers\EventManager.cpp">
      <Filter>Source Files\managers</Filter>
    </ClCompile>
    <ClCompile Include="src\managers\GestureManager.cpp">
      <Filter>Source Files\managers</Filter>
    </ClCompile>
    <ClCompile Include="src\managers\GraphicsEngine.cpp">
      <Filter>Source Files\managers</Filter>
    </ClCompile>
    <ClCompile Include="src\managers\GraphicsObject.cpp">
      <Filter>Source Files\managers</Filter>
    </ClCompile>
    <ClCompile Include="src\managers\Managers.cpp">
      <Filter>Source Files\managers</Filter>
    </ClCompile>
    <ClCompile Include="src\managers\MultimodalListener.cpp">
      <Filter>Source Files\managers</Filter>
    </ClCompile>
    <ClCompile Include="src\managers\MultimodalManager.cpp">
      <Filter>Source Files\managers</Filter>
    </ClCompile>
    <ClCompile Include="src\managers\PhysicsEngine.cpp">
      <Filter>Source Files\managers</Filter>
    </ClCompile>
    <ClCompile Include="src\managers\PhysicsObject.cpp">
      <Filter>Source Files\managers</Filter>
    </ClCompile>
    <ClCompile Include="src\managers\SceneManager.cpp">
      <Filter>Source Files\managers</Filter>
    </ClCompile>
    <ClCompile Include="src\managers\VolumeRecorder.cpp">
      <Filter>Source Files\managers</Filter>
    </ClCompile>
    <ClCompile Include="src\scenes\InGameScene.cpp">
      <Filter>Source Files\scenes</Filter>
    </ClCompile>
    <ClCompile Include="src\scenes\InPauseScene.cpp">
      <Filter>Source Files\scenes</Filter>
    </ClCompile>
    <ClCompile Include="src\scenes\IntroScene.cpp">
      <Filter>Source Files\scenes</Filter>
    </ClCompile>
    <ClCompile Include="src\scenes\IScene.cpp">
      <Filter>Source Files\scenes</Filter>
    </ClCompile>
    <ClCompile Include="src\core\Game.cpp">
      <Filter>Source Files\core</Filter>
    </ClCompile>
    <ClCompile Include="src\utils\AnimatedSprite.cpp">
      <Filter>Source Files\utils</Filter>
    </ClCompile>
    <ClCompile Include="src\gui\Button.cpp">
      <Filter>Source Files\gui</Filter>
    </ClCompile>
    <ClCompile Include="src\gui\Widget.cpp">
      <Filter>Source Files\gui</Filter>
    </ClCompile>
    <ClCompile Include="src\loaders\LevelManager.cpp">
      <Filter>Source Files\loaders</Filter>
    </ClCompile>
    <ClCompile Include="src\utils\tinyxml\tinystr.cpp">
      <Filter>Source Files\utils\tinyxml</Filter>
    </ClCompile>
    <ClCompile Include="src\utils\tinyxml\tinyxml.cpp">
      <Filter>Source Files\utils\tinyxml</Filter>
    </ClCompile>
    <ClCompile Include="src\utils\tinyxml\tinyxmlerror.cpp">
      <Filter>Source Files\utils\tinyxml</Filter>
    </ClCompile>
    <ClCompile Include="src\utils\tinyxml\tinyxmlparser.cpp">
      <Filter>Source Files\utils\tinyxml</Filter>
    </ClCompile>
    <ClCompile Include="src\entities\EntityModel.cpp">
      <Filter>Source Files\entities</Filter>
    </ClCompile>
    <ClCompile Include="src\gui\ButtonListener.cpp">
      <Filter>Source Files\gui</Filter>
    </ClCompile>
    <ClCompile Include="src\gui\Menu.cpp">
      <Filter>Source Files\gui</Filter>
    </ClCompile>
    <ClCompile Include="src\scenes\TrackingScene.cpp">
      <Filter>Source Files\scenes</Filter>
    </ClCompile>
    <ClCompile Include="src\entities\Fire.cpp">
      <Filter>Source Files\entities</Filter>
    </ClCompile>
    <ClCompile Include="src\utils\NiCallbacksWrapper.cpp">
      <Filter>Source Files\utils</Filter>
    </ClCompile>
    <ClCompile Include="src\utils\PausableClock.cpp">
      <Filter>Source Files\utils</Filter>
    </ClCompile>
    <ClCompile Include="src\entities\SuperMissile.cpp">
      <Filter>Source Files\entities</Filter>
    </ClCompile>
    <ClCompile Include="src\utils\Background.cpp">
      <Filter>Source Files\utils</Filter>
    </ClCompile>
  </ItemGroup>
</Project>